
Microsoft Visual Studio Solution File, Format Version 12.00
# Visual Studio Version 16
VisualStudioVersion = 16.0.32428.217
MinimumVisualStudioVersion = 10.0.40219.1
Project("{FAE04EC0-301F-11D3-BF4B-00C04F79EFBC}") = "Computer Shop V.0.1", "Computer Shop V.0.1\Computer Shop V.0.1.csproj", "{5407BD53-4A70-4BBC-9511-B3F89A516D59}"
EndProject
Global
	GlobalSection(SolutionConfigurationPlatforms) = preSolution
		Debug|Any CPU = Debug|Any CPU
		Release|Any CPU = Release|Any CPU
	EndGlobalSection
	GlobalSection(ProjectConfigurationPlatforms) = postSolution
		{5407BD53-4A70-4BBC-9511-B3F89A516D59}.Debug|Any CPU.ActiveCfg = Debug|Any CPU
		{5407BD53-4A70-4BBC-9511-B3F89A516D59}.Debug|Any CPU.Build.0 = Debug|Any CPU
		{5407BD53-4A70-4BBC-9511-B3F89A516D59}.Release|Any CPU.ActiveCfg = Release|Any CPU
		{5407BD53-4A70-4BBC-9511-B3F89A516D59}.Release|Any CPU.Build.0 = Release|Any CPU
	EndGlobalSection
	GlobalSection(SolutionProperties) = preSolution
		HideSolutionNode = FALSE
	EndGlobalSection
	GlobalSection(ExtensibilityGlobals) = postSolution
		SolutionGuid = {09C487FE-BF30-47A7-9306-8098C39304A1}
	EndGlobalSection
EndGlobal
